{
  "name": "sports-scheduler",
  "version": "1.0.0",
  "lockfileVersion": 2,
  "requires": true,
  "packages": {
    "": {
      "name": "sports-scheduler",
      "version": "1.0.0",
      "dependencies": {
        "bcrypt": "^5.1.0",
        "body-parser": "^1.19.0",
        "ejs": "^3.1.6",
        "express": "^4.17.1",
        "express-session": "^1.17.2",
        "uuid": "^8.3.2"
      }
    },
    "node_modules/bcrypt": {
      "version": "5.1.0",
      "resolved": "https://registry.npmjs.org/bcrypt/-/bcrypt-5.1.0.tgz",
      "integrity": "<integrity-hash>",
      "dev": true,
      "requires": {
        "node-addon-api": "^3.2.0",
        "node-gyp": "^7.1.2",
        "npmlog": "^4.1.2",
        "rimraf": "^3.0.2"
      },
      "dependencies": {
        "node-addon-api": {
          "version": "3.2.0",
          "resolved": "https://registry.npmjs.org/node-addon-api/-/node-addon-api-3.2.0.tgz",
          "integrity": "<integrity-hash>",
          "dev": true
        },
        "node-gyp": {
          "version": "7.1.2",
          "resolved": "https://registry.npmjs.org/node-gyp/-/node-gyp-7.1.2.tgz",
          "integrity": "<integrity-hash>",
          "dev": true,
          "requires": {
            "gyp": "file:../gyp"
          }
        }
      }
    },
    "node_modules/body-parser": {
      "version": "1.19.0",
      "resolved": "https://registry.npmjs.org/body-parser/-/body-parser-1.19.0.tgz",
      "integrity": "<integrity-hash>",
      "dev": true,
      "requires": {
        "bytes": "3.1.0",
        "content-type": "~1.0.4",
        "debug": "2.6.9",
        "depd": "~1.1.2",
        "http-errors": "1.7.2",
        "iconv-lite": "0.4.24",
        "on-finished": "~2.3.0",
        "qs": "6.7.0",
        "raw-body": "2.4.0",
        "type-is": "~1.6.17"
      }
    },
    "node_modules/debug": {
      "version": "2.6.9",
      "resolved": "https://registry.npmjs.org/debug/-/debug-2.6.9.tgz",
      "integrity": "<integrity-hash>",
      "dev": true,
      "requires": {
        "ms": "2.0.0"
      }
    },
    "node_modules/ejs": {
      "version": "3.1.6",
      "resolved": "https://registry.npmjs.org/ejs/-/ejs-3.1.6.tgz",
      "integrity": "<integrity-hash>",
      "dev": true,
      "requires": {
        "jake": "^10.8.2"
      }
    },
    "node_modules/express": {
      "version": "4.17.1",
      "resolved": "https://registry.npmjs.org/express/-/express-4.17.1.tgz",
      "integrity": "<integrity-hash>",
      "dev": true,
      "requires": {
        "accepts": "~1.3.7",
        "array-flatten": "1.1.1",
        "body-parser": "1.19.0",
        "content-disposition": "0.5.3",
        "content-type": "~1.0.4",
        "cookie": "0.4.0",
        "cookie-signature": "1.0.6",
        "debug": "2.6.9",
        "depd": "~1.1.2",
        "encodeurl": "~1.0.2",
        "escape-html": "~1.0.3",
        "etag": "~1.8.1",
        "finalhandler": "~1.1.2",
        "fresh": "0.5.2",
        "merge-descriptors": "1.0.1",
        "methods": "~1.1.2",
        "on-finished": "~2.3.0",
        "parseurl": "~1.3.3",
        "path-to-regexp": "0.1.7",
        "proxy-addr": "~2.0.6",
        "qs": "6.7.0",
        "range-parser": "~1.2.1",
        "safe-buffer": "5.1.2",
        "send": "0.17.1",
        "serve-static": "1.14.1",
        "setprototypeof": "1.1.1",
        "statuses": "~1.5.0",
        "type-is": "~1.6.17",
        "utils-merge": "1.0.1",
        "vary": "~1.1.2"
      }
    },
    "node_modules/express-session": {
      "version": "1.17.2",
      "resolved": "https://registry.npmjs.org/express-session/-/express-session-1.17.2.tgz",
      "integrity": "<integrity-hash>",
      "dev": true,
      "requires": {
        "cookie": "0.4.0",
        "debug": "2.6.9",
        "depd": "~1.1.2",
        "on-headers": "~1.0.2",
        "parseurl": "~1.3.3",
        "safe-buffer": "5.1.2",
        "uid-safe": "~2.1.5"
      }
    },
    "node_modules/node-gyp": {
      "version": "7.1.2",
      "resolved": "https://registry.npmjs.org/node-gyp/-/node-gyp-7.1.2.tgz",
      "integrity": "<integrity-hash>",
      "dev": true,
      "requires": {
        "gyp": "file:../gyp"
      }
    },
    "node_modules/prettier": {
      "version": "2.4.1",
      "resolved": "https://registry.npmjs.org/prettier/-/prettier-2.4.1.tgz",
      "integrity": "<integrity-hash>",
      "dev": true
    },
    "node_modules/qs": {
      "version": "6.7.0",
      "resolved": "https://registry.npmjs.org/qs/-/qs-6.7.0.tgz",
      "integrity": "<integrity-hash>",
      "dev": true
    },
    "node_modules/rimraf": {
      "version": "3.0.2",
      "resolved": "https://registry.npmjs.org/rimraf/-/rimraf-3.0.2.tgz",
      "integrity": "<integrity-hash>",
      "dev": true,
      "requires": {
        "glob": "^7.1.3"
      }
    },
    "node_modules/serve-static": {
      "version": "1.14.1",
      "resolved": "https://registry.npmjs.org/serve-static/-/serve-static-1.14.1.tgz",
      "integrity": "<integrity-hash>",
      "dev": true,
      "requires": {
        "encodeurl": "~1.0.2",
        "escape-html": "~1.0.3",
        "parseurl": "~1.3.3",
        "send": "0.17.1"
      }
    },
    "node_modules/send": {
      "version": "0.17.1",
      "resolved": "https://registry.npmjs.org/send/-/send-0.17.1.tgz",
      "integrity": "<integrity-hash>",
      "dev": true,
      "requires": {
        "debug": "2.6.9",
        "depd": "~1.1.2",
        "destroy": "~1.0.4",
        "encodeurl": "~1.0.2",
        "escape-html": "~1.0.3",
        "etag": "~1.8.1",
        "fresh": "0.5.2",
        "http-errors": "~1.7.2",
        "mime": "1.6.0",
        "ms": "2.0.0",
        "on-finished": "~2.3.0",
        "range-parser": "~1.2.1",
        "statuses": "~1.5.0"
      }
    },
    "node_modules/uid-safe": {
      "version": "2.1.5",
      "resolved": "https://registry.npmjs.org/uid-safe/-/uid-safe-2.1.5.tgz",
      "integrity": "<integrity-hash>",
      "dev": true
    }
  }
}
